
Microsoft Visual Studio Solution File, Format Version 12.00
# Visual Studio Version 17
VisualStudioVersion = 17.12.35527.113 d17.12
MinimumVisualStudioVersion = 10.0.40219.1
Project("{FAE04EC0-301F-11D3-BF4B-00C04F79EFBC}") = "backendapi", "backendapi.csproj", "{9614EC6F-27B3-4370-89D5-2EDF5C195380}"
EndProject
Project("{54A90642-561A-4BB1-A94E-469ADEE60C69}") = "frontend", "..\frontend\frontend.esproj", "{45E91F8B-1DBF-4F4F-BDF9-FE9CCD1E2AFB}"
EndProject
Global
	GlobalSection(SolutionConfigurationPlatforms) = preSolution
		Debug|Any CPU = Debug|Any CPU
		Release|Any CPU = Release|Any CPU
	EndGlobalSection
	GlobalSection(ProjectConfigurationPlatforms) = postSolution
		{9614EC6F-27B3-4370-89D5-2EDF5C195380}.Debug|Any CPU.ActiveCfg = Debug|Any CPU
		{9614EC6F-27B3-4370-89D5-2EDF5C195380}.Debug|Any CPU.Build.0 = Debug|Any CPU
		{9614EC6F-27B3-4370-89D5-2EDF5C195380}.Release|Any CPU.ActiveCfg = Release|Any CPU
		{9614EC6F-27B3-4370-89D5-2EDF5C195380}.Release|Any CPU.Build.0 = Release|Any CPU
		{45E91F8B-1DBF-4F4F-BDF9-FE9CCD1E2AFB}.Debug|Any CPU.ActiveCfg = Debug|Any CPU
		{45E91F8B-1DBF-4F4F-BDF9-FE9CCD1E2AFB}.Debug|Any CPU.Build.0 = Debug|Any CPU
		{45E91F8B-1DBF-4F4F-BDF9-FE9CCD1E2AFB}.Debug|Any CPU.Deploy.0 = Debug|Any CPU
		{45E91F8B-1DBF-4F4F-BDF9-FE9CCD1E2AFB}.Release|Any CPU.ActiveCfg = Release|Any CPU
		{45E91F8B-1DBF-4F4F-BDF9-FE9CCD1E2AFB}.Release|Any CPU.Build.0 = Release|Any CPU
		{45E91F8B-1DBF-4F4F-BDF9-FE9CCD1E2AFB}.Release|Any CPU.Deploy.0 = Release|Any CPU
	EndGlobalSection
	GlobalSection(SolutionProperties) = preSolution
		HideSolutionNode = FALSE
	EndGlobalSection
EndGlobal
